
Microsoft Visual Studio Solution File, Format Version 12.00
# Visual Studio Version 17
VisualStudioVersion = 17.6.33829.357
MinimumVisualStudioVersion = 10.0.40219.1
Project("{FAE04EC0-301F-11D3-BF4B-00C04F79EFBC}") = "CsharpAssigment3Prb4", "CsharpAssigment3Prb4.csproj", "{BDE6BB81-D425-4A93-BE5D-8E21A99F6070}"
EndProject
Global
	GlobalSection(SolutionConfigurationPlatforms) = preSolution
		Debug|Any CPU = Debug|Any CPU
		Release|Any CPU = Release|Any CPU
	EndGlobalSection
	GlobalSection(ProjectConfigurationPlatforms) = postSolution
		{BDE6BB81-D425-4A93-BE5D-8E21A99F6070}.Debug|Any CPU.ActiveCfg = Debug|Any CPU
		{BDE6BB81-D425-4A93-BE5D-8E21A99F6070}.Debug|Any CPU.Build.0 = Debug|Any CPU
		{BDE6BB81-D425-4A93-BE5D-8E21A99F6070}.Release|Any CPU.ActiveCfg = Release|Any CPU
		{BDE6BB81-D425-4A93-BE5D-8E21A99F6070}.Release|Any CPU.Build.0 = Release|Any CPU
	EndGlobalSection
	GlobalSection(SolutionProperties) = preSolution
		HideSolutionNode = FALSE
	EndGlobalSection
	GlobalSection(ExtensibilityGlobals) = postSolution
		SolutionGuid = {D6C2EF78-18A3-409C-BA2C-B7B1ADB6A053}
	EndGlobalSection
EndGlobal
