
Microsoft Visual Studio Solution File, Format Version 12.00
# Visual Studio Version 17
VisualStudioVersion = 17.6.33829.357
MinimumVisualStudioVersion = 10.0.40219.1
Project("{FAE04EC0-301F-11D3-BF4B-00C04F79EFBC}") = "csharpAssigment1", "csharpAssigment1.csproj", "{50C6D555-47E6-4E50-8E2B-EFCEB529D34F}"
EndProject
Global
	GlobalSection(SolutionConfigurationPlatforms) = preSolution
		Debug|Any CPU = Debug|Any CPU
		Release|Any CPU = Release|Any CPU
	EndGlobalSection
	GlobalSection(ProjectConfigurationPlatforms) = postSolution
		{50C6D555-47E6-4E50-8E2B-EFCEB529D34F}.Debug|Any CPU.ActiveCfg = Debug|Any CPU
		{50C6D555-47E6-4E50-8E2B-EFCEB529D34F}.Debug|Any CPU.Build.0 = Debug|Any CPU
		{50C6D555-47E6-4E50-8E2B-EFCEB529D34F}.Release|Any CPU.ActiveCfg = Release|Any CPU
		{50C6D555-47E6-4E50-8E2B-EFCEB529D34F}.Release|Any CPU.Build.0 = Release|Any CPU
	EndGlobalSection
	GlobalSection(SolutionProperties) = preSolution
		HideSolutionNode = FALSE
	EndGlobalSection
	GlobalSection(ExtensibilityGlobals) = postSolution
		SolutionGuid = {68CB2992-106C-415D-AEA1-FDDB596A217E}
	EndGlobalSection
EndGlobal
